
Microsoft Visual Studio Solution File, Format Version 12.00
# Visual Studio 2012
Project("{2150E333-8FDC-42A3-9474-1A3956D46DE8}") = "Tools", "Tools", "{81BD8C5B-08B0-4176-AC29-7D1CF4C7E336}"
EndProject
Project("{FAE04EC0-301F-11D3-BF4B-00C04F79EFBC}") = "Fish.MovieManager.Test", "Fish.MovieManager.Test\Fish.MovieManager.Test.csproj", "{082C0119-49EA-4D92-AC26-DE560ED9C6CC}"
EndProject
Project("{2150E333-8FDC-42A3-9474-1A3956D46DE8}") = "Model", "Model", "{2F2D0ECE-A40B-4149-9921-8951184580D9}"
EndProject
Project("{FAE04EC0-301F-11D3-BF4B-00C04F79EFBC}") = "Fish.MovieManager.DoubanMovieInfo", "Model\Fish.MovieManager.DoubanMovieInfo\Fish.MovieManager.DoubanMovieInfo.csproj", "{94851E53-7CB0-47E1-98F2-920C0279F1BD}"
EndProject
Project("{FAE04EC0-301F-11D3-BF4B-00C04F79EFBC}") = "Fish.MovieManager.DoubanActorInfo", "Model\Fish.MovieManager.DoubanActorInfo\Fish.MovieManager.DoubanActorInfo.csproj", "{B589D12F-7EA5-4300-89C9-AE9DB02D44CB}"
EndProject
Project("{FAE04EC0-301F-11D3-BF4B-00C04F79EFBC}") = "Fish.MovieManager.VideoFileInfo", "Model\Fish.MovieManager.VideoFileInfo\Fish.MovieManager.VideoFileInfo.csproj", "{48653991-5148-48A5-8FE6-9BD8375242AD}"
EndProject
Global
	GlobalSection(SolutionConfigurationPlatforms) = preSolution
		Debug|Any CPU = Debug|Any CPU
		Release|Any CPU = Release|Any CPU
	EndGlobalSection
	GlobalSection(ProjectConfigurationPlatforms) = postSolution
		{082C0119-49EA-4D92-AC26-DE560ED9C6CC}.Debug|Any CPU.ActiveCfg = Debug|Any CPU
		{082C0119-49EA-4D92-AC26-DE560ED9C6CC}.Debug|Any CPU.Build.0 = Debug|Any CPU
		{082C0119-49EA-4D92-AC26-DE560ED9C6CC}.Release|Any CPU.ActiveCfg = Release|Any CPU
		{082C0119-49EA-4D92-AC26-DE560ED9C6CC}.Release|Any CPU.Build.0 = Release|Any CPU
		{94851E53-7CB0-47E1-98F2-920C0279F1BD}.Debug|Any CPU.ActiveCfg = Debug|Any CPU
		{94851E53-7CB0-47E1-98F2-920C0279F1BD}.Debug|Any CPU.Build.0 = Debug|Any CPU
		{94851E53-7CB0-47E1-98F2-920C0279F1BD}.Release|Any CPU.ActiveCfg = Release|Any CPU
		{94851E53-7CB0-47E1-98F2-920C0279F1BD}.Release|Any CPU.Build.0 = Release|Any CPU
		{B589D12F-7EA5-4300-89C9-AE9DB02D44CB}.Debug|Any CPU.ActiveCfg = Debug|Any CPU
		{B589D12F-7EA5-4300-89C9-AE9DB02D44CB}.Debug|Any CPU.Build.0 = Debug|Any CPU
		{B589D12F-7EA5-4300-89C9-AE9DB02D44CB}.Release|Any CPU.ActiveCfg = Release|Any CPU
		{B589D12F-7EA5-4300-89C9-AE9DB02D44CB}.Release|Any CPU.Build.0 = Release|Any CPU
		{48653991-5148-48A5-8FE6-9BD8375242AD}.Debug|Any CPU.ActiveCfg = Debug|Any CPU
		{48653991-5148-48A5-8FE6-9BD8375242AD}.Debug|Any CPU.Build.0 = Debug|Any CPU
		{48653991-5148-48A5-8FE6-9BD8375242AD}.Release|Any CPU.ActiveCfg = Release|Any CPU
		{48653991-5148-48A5-8FE6-9BD8375242AD}.Release|Any CPU.Build.0 = Release|Any CPU
	EndGlobalSection
	GlobalSection(SolutionProperties) = preSolution
		HideSolutionNode = FALSE
	EndGlobalSection
	GlobalSection(NestedProjects) = preSolution
		{082C0119-49EA-4D92-AC26-DE560ED9C6CC} = {81BD8C5B-08B0-4176-AC29-7D1CF4C7E336}
		{94851E53-7CB0-47E1-98F2-920C0279F1BD} = {2F2D0ECE-A40B-4149-9921-8951184580D9}
		{B589D12F-7EA5-4300-89C9-AE9DB02D44CB} = {2F2D0ECE-A40B-4149-9921-8951184580D9}
		{48653991-5148-48A5-8FE6-9BD8375242AD} = {2F2D0ECE-A40B-4149-9921-8951184580D9}
	EndGlobalSection
EndGlobal
