
Microsoft Visual Studio Solution File, Format Version 12.00
# Visual Studio 2012
Project("{FAE04EC0-301F-11D3-BF4B-00C04F79EFBC}") = "MovieManager.Test", "Test\MovieManager.Test.csproj", "{08AFAFC1-532E-4AFA-AB35-504D73EA6BCB}"
EndProject
Global
	GlobalSection(SolutionConfigurationPlatforms) = preSolution
		Debug|Any CPU = Debug|Any CPU
		Release|Any CPU = Release|Any CPU
	EndGlobalSection
	GlobalSection(ProjectConfigurationPlatforms) = postSolution
		{08AFAFC1-532E-4AFA-AB35-504D73EA6BCB}.Debug|Any CPU.ActiveCfg = Debug|Any CPU
		{08AFAFC1-532E-4AFA-AB35-504D73EA6BCB}.Debug|Any CPU.Build.0 = Debug|Any CPU
		{08AFAFC1-532E-4AFA-AB35-504D73EA6BCB}.Release|Any CPU.ActiveCfg = Release|Any CPU
		{08AFAFC1-532E-4AFA-AB35-504D73EA6BCB}.Release|Any CPU.Build.0 = Release|Any CPU
	EndGlobalSection
	GlobalSection(SolutionProperties) = preSolution
		HideSolutionNode = FALSE
	EndGlobalSection
EndGlobal
