
Microsoft Visual Studio Solution File, Format Version 12.00
# Visual Studio 2012
Project("{2150E333-8FDC-42A3-9474-1A3956D46DE8}") = "Tools", "Tools", "{81BD8C5B-08B0-4176-AC29-7D1CF4C7E336}"
EndProject
Project("{FAE04EC0-301F-11D3-BF4B-00C04F79EFBC}") = "Fish.MovieManager.Test", "Fish.MovieManager.Test\Fish.MovieManager.Test.csproj", "{082C0119-49EA-4D92-AC26-DE560ED9C6CC}"
EndProject
Project("{2150E333-8FDC-42A3-9474-1A3956D46DE8}") = "Model", "Model", "{2F2D0ECE-A40B-4149-9921-8951184580D9}"
EndProject
Project("{FAE04EC0-301F-11D3-BF4B-00C04F79EFBC}") = "Fish.MovieManager.DoubanMovieInfo", "Model\Fish.MovieManager.DoubanMovieInfo\Fish.MovieManager.DoubanMovieInfo.csproj", "{94851E53-7CB0-47E1-98F2-920C0279F1BD}"
EndProject
Project("{FAE04EC0-301F-11D3-BF4B-00C04F79EFBC}") = "Fish.MovieManager.DoubanActorInfo", "Model\Fish.MovieManager.DoubanActorInfo\Fish.MovieManager.DoubanActorInfo.csproj", "{B589D12F-7EA5-4300-89C9-AE9DB02D44CB}"
EndProject
Project("{FAE04EC0-301F-11D3-BF4B-00C04F79EFBC}") = "Fish.MovieManager.VideoFileInfo", "Model\Fish.MovieManager.VideoFileInfo\Fish.MovieManager.VideoFileInfo.csproj", "{48653991-5148-48A5-8FE6-9BD8375242AD}"
EndProject
Project("{FAE04EC0-301F-11D3-BF4B-00C04F79EFBC}") = "Fish.MovieManager.Movie2Actor", "Model\Fish.MovieManager.Movie2Actor\Fish.MovieManager.Movie2Actor.csproj", "{B23FB277-4F2D-4588-9AD7-7E478CEA3CF7}"
EndProject
Project("{FAE04EC0-301F-11D3-BF4B-00C04F79EFBC}") = "Fish.MovieManager.Movie2Tag", "Model\Fish.MovieManager.Movie2Tag\Fish.MovieManager.Movie2Tag.csproj", "{3F0D6D44-AF99-4C90-AF2F-DC9996055EB0}"
EndProject
Project("{FAE04EC0-301F-11D3-BF4B-00C04F79EFBC}") = "Fish.MovieManager.DoubanAPI", "Model\Fish.MovieManager.DoubanAPI\Fish.MovieManager.DoubanAPI.csproj", "{F4302AEE-3F94-472A-8FE0-CAC92168FCBC}"
EndProject
Project("{FAE04EC0-301F-11D3-BF4B-00C04F79EFBC}") = "Fish.MovieManager.GetFile", "Tools\Fish.MovieManager.GetFile\Fish.MovieManager.GetFile.csproj", "{715D4CAE-5802-4E6D-B951-582B56A47328}"
EndProject
Project("{2150E333-8FDC-42A3-9474-1A3956D46DE8}") = "Control", "Control", "{67ECA164-37AE-4004-BB97-5701B183130D}"
EndProject
Project("{FAE04EC0-301F-11D3-BF4B-00C04F79EFBC}") = "Fish.MovieManager.MovieControl", "Control\Fish.MovieManager.MovieControl\Fish.MovieManager.MovieControl.csproj", "{6A2E339A-B787-425F-90CC-2298D393C6EF}"
EndProject
Project("{2150E333-8FDC-42A3-9474-1A3956D46DE8}") = "View", "View", "{67874A5A-BB8F-4829-944A-1272A8BFFB46}"
EndProject
Project("{FAE04EC0-301F-11D3-BF4B-00C04F79EFBC}") = "FirstFloor.ModernUI", "..\..\ModernUIforWPF-经过修改\FirstFloor.ModernUI\FirstFloor.ModernUI\FirstFloor.ModernUI.csproj", "{9A653A28-FE46-40E8-A14F-48B0E325165D}"
EndProject
Project("{FAE04EC0-301F-11D3-BF4B-00C04F79EFBC}") = "Fish.MovieManager.testUI", "Fish.MovieManager.testUI\Fish.MovieManager.testUI.csproj", "{B0E21F43-DD5E-46F1-A77B-2655ED6CE164}"
EndProject
Project("{FAE04EC0-301F-11D3-BF4B-00C04F79EFBC}") = "Fish.MovieManager.UI", "Tools\Fish.MovieManager.UI\Fish.MovieManager.UI.csproj", "{D1BE4663-5E52-4885-8B59-07A226011055}"
EndProject
Project("{FAE04EC0-301F-11D3-BF4B-00C04F79EFBC}") = "MahApps.Metro", "..\..\csdn例子分析\MahApps.Metro-master\MahApps.Metro\MahApps.Metro.csproj", "{5B1710D2-5DC8-4754-91B2-19165DE49B3D}"
EndProject
Global
	GlobalSection(SolutionConfigurationPlatforms) = preSolution
		Debug|Any CPU = Debug|Any CPU
		Debug|Mixed Platforms = Debug|Mixed Platforms
		Debug|x86 = Debug|x86
		Release|Any CPU = Release|Any CPU
		Release|Mixed Platforms = Release|Mixed Platforms
		Release|x86 = Release|x86
	EndGlobalSection
	GlobalSection(ProjectConfigurationPlatforms) = postSolution
		{082C0119-49EA-4D92-AC26-DE560ED9C6CC}.Debug|Any CPU.ActiveCfg = Debug|Any CPU
		{082C0119-49EA-4D92-AC26-DE560ED9C6CC}.Debug|Any CPU.Build.0 = Debug|Any CPU
		{082C0119-49EA-4D92-AC26-DE560ED9C6CC}.Debug|Mixed Platforms.ActiveCfg = Debug|Any CPU
		{082C0119-49EA-4D92-AC26-DE560ED9C6CC}.Debug|Mixed Platforms.Build.0 = Debug|Any CPU
		{082C0119-49EA-4D92-AC26-DE560ED9C6CC}.Debug|x86.ActiveCfg = Debug|Any CPU
		{082C0119-49EA-4D92-AC26-DE560ED9C6CC}.Release|Any CPU.ActiveCfg = Release|Any CPU
		{082C0119-49EA-4D92-AC26-DE560ED9C6CC}.Release|Any CPU.Build.0 = Release|Any CPU
		{082C0119-49EA-4D92-AC26-DE560ED9C6CC}.Release|Mixed Platforms.ActiveCfg = Release|Any CPU
		{082C0119-49EA-4D92-AC26-DE560ED9C6CC}.Release|Mixed Platforms.Build.0 = Release|Any CPU
		{082C0119-49EA-4D92-AC26-DE560ED9C6CC}.Release|x86.ActiveCfg = Release|Any CPU
		{94851E53-7CB0-47E1-98F2-920C0279F1BD}.Debug|Any CPU.ActiveCfg = Debug|Any CPU
		{94851E53-7CB0-47E1-98F2-920C0279F1BD}.Debug|Any CPU.Build.0 = Debug|Any CPU
		{94851E53-7CB0-47E1-98F2-920C0279F1BD}.Debug|Mixed Platforms.ActiveCfg = Debug|Any CPU
		{94851E53-7CB0-47E1-98F2-920C0279F1BD}.Debug|Mixed Platforms.Build.0 = Debug|Any CPU
		{94851E53-7CB0-47E1-98F2-920C0279F1BD}.Debug|x86.ActiveCfg = Debug|Any CPU
		{94851E53-7CB0-47E1-98F2-920C0279F1BD}.Release|Any CPU.ActiveCfg = Release|Any CPU
		{94851E53-7CB0-47E1-98F2-920C0279F1BD}.Release|Any CPU.Build.0 = Release|Any CPU
		{94851E53-7CB0-47E1-98F2-920C0279F1BD}.Release|Mixed Platforms.ActiveCfg = Release|Any CPU
		{94851E53-7CB0-47E1-98F2-920C0279F1BD}.Release|Mixed Platforms.Build.0 = Release|Any CPU
		{94851E53-7CB0-47E1-98F2-920C0279F1BD}.Release|x86.ActiveCfg = Release|Any CPU
		{B589D12F-7EA5-4300-89C9-AE9DB02D44CB}.Debug|Any CPU.ActiveCfg = Debug|Any CPU
		{B589D12F-7EA5-4300-89C9-AE9DB02D44CB}.Debug|Any CPU.Build.0 = Debug|Any CPU
		{B589D12F-7EA5-4300-89C9-AE9DB02D44CB}.Debug|Mixed Platforms.ActiveCfg = Debug|Any CPU
		{B589D12F-7EA5-4300-89C9-AE9DB02D44CB}.Debug|Mixed Platforms.Build.0 = Debug|Any CPU
		{B589D12F-7EA5-4300-89C9-AE9DB02D44CB}.Debug|x86.ActiveCfg = Debug|Any CPU
		{B589D12F-7EA5-4300-89C9-AE9DB02D44CB}.Release|Any CPU.ActiveCfg = Release|Any CPU
		{B589D12F-7EA5-4300-89C9-AE9DB02D44CB}.Release|Any CPU.Build.0 = Release|Any CPU
		{B589D12F-7EA5-4300-89C9-AE9DB02D44CB}.Release|Mixed Platforms.ActiveCfg = Release|Any CPU
		{B589D12F-7EA5-4300-89C9-AE9DB02D44CB}.Release|Mixed Platforms.Build.0 = Release|Any CPU
		{B589D12F-7EA5-4300-89C9-AE9DB02D44CB}.Release|x86.ActiveCfg = Release|Any CPU
		{48653991-5148-48A5-8FE6-9BD8375242AD}.Debug|Any CPU.ActiveCfg = Debug|Any CPU
		{48653991-5148-48A5-8FE6-9BD8375242AD}.Debug|Any CPU.Build.0 = Debug|Any CPU
		{48653991-5148-48A5-8FE6-9BD8375242AD}.Debug|Mixed Platforms.ActiveCfg = Debug|Any CPU
		{48653991-5148-48A5-8FE6-9BD8375242AD}.Debug|Mixed Platforms.Build.0 = Debug|Any CPU
		{48653991-5148-48A5-8FE6-9BD8375242AD}.Debug|x86.ActiveCfg = Debug|Any CPU
		{48653991-5148-48A5-8FE6-9BD8375242AD}.Release|Any CPU.ActiveCfg = Release|Any CPU
		{48653991-5148-48A5-8FE6-9BD8375242AD}.Release|Any CPU.Build.0 = Release|Any CPU
		{48653991-5148-48A5-8FE6-9BD8375242AD}.Release|Mixed Platforms.ActiveCfg = Release|Any CPU
		{48653991-5148-48A5-8FE6-9BD8375242AD}.Release|Mixed Platforms.Build.0 = Release|Any CPU
		{48653991-5148-48A5-8FE6-9BD8375242AD}.Release|x86.ActiveCfg = Release|Any CPU
		{B23FB277-4F2D-4588-9AD7-7E478CEA3CF7}.Debug|Any CPU.ActiveCfg = Debug|Any CPU
		{B23FB277-4F2D-4588-9AD7-7E478CEA3CF7}.Debug|Any CPU.Build.0 = Debug|Any CPU
		{B23FB277-4F2D-4588-9AD7-7E478CEA3CF7}.Debug|Mixed Platforms.ActiveCfg = Debug|Any CPU
		{B23FB277-4F2D-4588-9AD7-7E478CEA3CF7}.Debug|Mixed Platforms.Build.0 = Debug|Any CPU
		{B23FB277-4F2D-4588-9AD7-7E478CEA3CF7}.Debug|x86.ActiveCfg = Debug|Any CPU
		{B23FB277-4F2D-4588-9AD7-7E478CEA3CF7}.Release|Any CPU.ActiveCfg = Release|Any CPU
		{B23FB277-4F2D-4588-9AD7-7E478CEA3CF7}.Release|Any CPU.Build.0 = Release|Any CPU
		{B23FB277-4F2D-4588-9AD7-7E478CEA3CF7}.Release|Mixed Platforms.ActiveCfg = Release|Any CPU
		{B23FB277-4F2D-4588-9AD7-7E478CEA3CF7}.Release|Mixed Platforms.Build.0 = Release|Any CPU
		{B23FB277-4F2D-4588-9AD7-7E478CEA3CF7}.Release|x86.ActiveCfg = Release|Any CPU
		{3F0D6D44-AF99-4C90-AF2F-DC9996055EB0}.Debug|Any CPU.ActiveCfg = Debug|Any CPU
		{3F0D6D44-AF99-4C90-AF2F-DC9996055EB0}.Debug|Any CPU.Build.0 = Debug|Any CPU
		{3F0D6D44-AF99-4C90-AF2F-DC9996055EB0}.Debug|Mixed Platforms.ActiveCfg = Debug|Any CPU
		{3F0D6D44-AF99-4C90-AF2F-DC9996055EB0}.Debug|Mixed Platforms.Build.0 = Debug|Any CPU
		{3F0D6D44-AF99-4C90-AF2F-DC9996055EB0}.Debug|x86.ActiveCfg = Debug|Any CPU
		{3F0D6D44-AF99-4C90-AF2F-DC9996055EB0}.Release|Any CPU.ActiveCfg = Release|Any CPU
		{3F0D6D44-AF99-4C90-AF2F-DC9996055EB0}.Release|Any CPU.Build.0 = Release|Any CPU
		{3F0D6D44-AF99-4C90-AF2F-DC9996055EB0}.Release|Mixed Platforms.ActiveCfg = Release|Any CPU
		{3F0D6D44-AF99-4C90-AF2F-DC9996055EB0}.Release|Mixed Platforms.Build.0 = Release|Any CPU
		{3F0D6D44-AF99-4C90-AF2F-DC9996055EB0}.Release|x86.ActiveCfg = Release|Any CPU
		{F4302AEE-3F94-472A-8FE0-CAC92168FCBC}.Debug|Any CPU.ActiveCfg = Debug|Any CPU
		{F4302AEE-3F94-472A-8FE0-CAC92168FCBC}.Debug|Any CPU.Build.0 = Debug|Any CPU
		{F4302AEE-3F94-472A-8FE0-CAC92168FCBC}.Debug|Mixed Platforms.ActiveCfg = Debug|Any CPU
		{F4302AEE-3F94-472A-8FE0-CAC92168FCBC}.Debug|Mixed Platforms.Build.0 = Debug|Any CPU
		{F4302AEE-3F94-472A-8FE0-CAC92168FCBC}.Debug|x86.ActiveCfg = Debug|Any CPU
		{F4302AEE-3F94-472A-8FE0-CAC92168FCBC}.Release|Any CPU.ActiveCfg = Release|Any CPU
		{F4302AEE-3F94-472A-8FE0-CAC92168FCBC}.Release|Any CPU.Build.0 = Release|Any CPU
		{F4302AEE-3F94-472A-8FE0-CAC92168FCBC}.Release|Mixed Platforms.ActiveCfg = Release|Any CPU
		{F4302AEE-3F94-472A-8FE0-CAC92168FCBC}.Release|Mixed Platforms.Build.0 = Release|Any CPU
		{F4302AEE-3F94-472A-8FE0-CAC92168FCBC}.Release|x86.ActiveCfg = Release|Any CPU
		{715D4CAE-5802-4E6D-B951-582B56A47328}.Debug|Any CPU.ActiveCfg = Debug|Any CPU
		{715D4CAE-5802-4E6D-B951-582B56A47328}.Debug|Any CPU.Build.0 = Debug|Any CPU
		{715D4CAE-5802-4E6D-B951-582B56A47328}.Debug|Mixed Platforms.ActiveCfg = Debug|Any CPU
		{715D4CAE-5802-4E6D-B951-582B56A47328}.Debug|Mixed Platforms.Build.0 = Debug|Any CPU
		{715D4CAE-5802-4E6D-B951-582B56A47328}.Debug|x86.ActiveCfg = Debug|Any CPU
		{715D4CAE-5802-4E6D-B951-582B56A47328}.Release|Any CPU.ActiveCfg = Release|Any CPU
		{715D4CAE-5802-4E6D-B951-582B56A47328}.Release|Any CPU.Build.0 = Release|Any CPU
		{715D4CAE-5802-4E6D-B951-582B56A47328}.Release|Mixed Platforms.ActiveCfg = Release|Any CPU
		{715D4CAE-5802-4E6D-B951-582B56A47328}.Release|Mixed Platforms.Build.0 = Release|Any CPU
		{715D4CAE-5802-4E6D-B951-582B56A47328}.Release|x86.ActiveCfg = Release|Any CPU
		{6A2E339A-B787-425F-90CC-2298D393C6EF}.Debug|Any CPU.ActiveCfg = Debug|Any CPU
		{6A2E339A-B787-425F-90CC-2298D393C6EF}.Debug|Any CPU.Build.0 = Debug|Any CPU
		{6A2E339A-B787-425F-90CC-2298D393C6EF}.Debug|Mixed Platforms.ActiveCfg = Debug|Any CPU
		{6A2E339A-B787-425F-90CC-2298D393C6EF}.Debug|Mixed Platforms.Build.0 = Debug|Any CPU
		{6A2E339A-B787-425F-90CC-2298D393C6EF}.Debug|x86.ActiveCfg = Debug|Any CPU
		{6A2E339A-B787-425F-90CC-2298D393C6EF}.Release|Any CPU.ActiveCfg = Release|Any CPU
		{6A2E339A-B787-425F-90CC-2298D393C6EF}.Release|Any CPU.Build.0 = Release|Any CPU
		{6A2E339A-B787-425F-90CC-2298D393C6EF}.Release|Mixed Platforms.ActiveCfg = Release|Any CPU
		{6A2E339A-B787-425F-90CC-2298D393C6EF}.Release|Mixed Platforms.Build.0 = Release|Any CPU
		{6A2E339A-B787-425F-90CC-2298D393C6EF}.Release|x86.ActiveCfg = Release|Any CPU
		{9A653A28-FE46-40E8-A14F-48B0E325165D}.Debug|Any CPU.ActiveCfg = Debug|Any CPU
		{9A653A28-FE46-40E8-A14F-48B0E325165D}.Debug|Any CPU.Build.0 = Debug|Any CPU
		{9A653A28-FE46-40E8-A14F-48B0E325165D}.Debug|Mixed Platforms.ActiveCfg = Debug|Any CPU
		{9A653A28-FE46-40E8-A14F-48B0E325165D}.Debug|Mixed Platforms.Build.0 = Debug|Any CPU
		{9A653A28-FE46-40E8-A14F-48B0E325165D}.Debug|x86.ActiveCfg = Debug|Any CPU
		{9A653A28-FE46-40E8-A14F-48B0E325165D}.Release|Any CPU.ActiveCfg = Release|Any CPU
		{9A653A28-FE46-40E8-A14F-48B0E325165D}.Release|Any CPU.Build.0 = Release|Any CPU
		{9A653A28-FE46-40E8-A14F-48B0E325165D}.Release|Mixed Platforms.ActiveCfg = Release|Any CPU
		{9A653A28-FE46-40E8-A14F-48B0E325165D}.Release|Mixed Platforms.Build.0 = Release|Any CPU
		{9A653A28-FE46-40E8-A14F-48B0E325165D}.Release|x86.ActiveCfg = Release|Any CPU
		{B0E21F43-DD5E-46F1-A77B-2655ED6CE164}.Debug|Any CPU.ActiveCfg = Debug|Any CPU
		{B0E21F43-DD5E-46F1-A77B-2655ED6CE164}.Debug|Any CPU.Build.0 = Debug|Any CPU
		{B0E21F43-DD5E-46F1-A77B-2655ED6CE164}.Debug|Mixed Platforms.ActiveCfg = Debug|Any CPU
		{B0E21F43-DD5E-46F1-A77B-2655ED6CE164}.Debug|Mixed Platforms.Build.0 = Debug|Any CPU
		{B0E21F43-DD5E-46F1-A77B-2655ED6CE164}.Debug|x86.ActiveCfg = Debug|Any CPU
		{B0E21F43-DD5E-46F1-A77B-2655ED6CE164}.Release|Any CPU.ActiveCfg = Release|Any CPU
		{B0E21F43-DD5E-46F1-A77B-2655ED6CE164}.Release|Any CPU.Build.0 = Release|Any CPU
		{B0E21F43-DD5E-46F1-A77B-2655ED6CE164}.Release|Mixed Platforms.ActiveCfg = Release|Any CPU
		{B0E21F43-DD5E-46F1-A77B-2655ED6CE164}.Release|Mixed Platforms.Build.0 = Release|Any CPU
		{B0E21F43-DD5E-46F1-A77B-2655ED6CE164}.Release|x86.ActiveCfg = Release|Any CPU
		{D1BE4663-5E52-4885-8B59-07A226011055}.Debug|Any CPU.ActiveCfg = Debug|Any CPU
		{D1BE4663-5E52-4885-8B59-07A226011055}.Debug|Any CPU.Build.0 = Debug|Any CPU
		{D1BE4663-5E52-4885-8B59-07A226011055}.Debug|Mixed Platforms.ActiveCfg = Debug|Any CPU
		{D1BE4663-5E52-4885-8B59-07A226011055}.Debug|Mixed Platforms.Build.0 = Debug|Any CPU
		{D1BE4663-5E52-4885-8B59-07A226011055}.Debug|x86.ActiveCfg = Debug|Any CPU
		{D1BE4663-5E52-4885-8B59-07A226011055}.Release|Any CPU.ActiveCfg = Release|Any CPU
		{D1BE4663-5E52-4885-8B59-07A226011055}.Release|Any CPU.Build.0 = Release|Any CPU
		{D1BE4663-5E52-4885-8B59-07A226011055}.Release|Mixed Platforms.ActiveCfg = Release|Any CPU
		{D1BE4663-5E52-4885-8B59-07A226011055}.Release|Mixed Platforms.Build.0 = Release|Any CPU
		{D1BE4663-5E52-4885-8B59-07A226011055}.Release|x86.ActiveCfg = Release|Any CPU
		{5B1710D2-5DC8-4754-91B2-19165DE49B3D}.Debug|Any CPU.ActiveCfg = Debug|Any CPU
		{5B1710D2-5DC8-4754-91B2-19165DE49B3D}.Debug|Any CPU.Build.0 = Debug|Any CPU
		{5B1710D2-5DC8-4754-91B2-19165DE49B3D}.Debug|Mixed Platforms.ActiveCfg = Debug|Any CPU
		{5B1710D2-5DC8-4754-91B2-19165DE49B3D}.Debug|Mixed Platforms.Build.0 = Debug|Any CPU
		{5B1710D2-5DC8-4754-91B2-19165DE49B3D}.Debug|x86.ActiveCfg = Debug|Any CPU
		{5B1710D2-5DC8-4754-91B2-19165DE49B3D}.Release|Any CPU.ActiveCfg = Release|Any CPU
		{5B1710D2-5DC8-4754-91B2-19165DE49B3D}.Release|Any CPU.Build.0 = Release|Any CPU
		{5B1710D2-5DC8-4754-91B2-19165DE49B3D}.Release|Mixed Platforms.ActiveCfg = Release|Any CPU
		{5B1710D2-5DC8-4754-91B2-19165DE49B3D}.Release|Mixed Platforms.Build.0 = Release|Any CPU
		{5B1710D2-5DC8-4754-91B2-19165DE49B3D}.Release|x86.ActiveCfg = Release|Any CPU
	EndGlobalSection
	GlobalSection(SolutionProperties) = preSolution
		HideSolutionNode = FALSE
	EndGlobalSection
	GlobalSection(NestedProjects) = preSolution
		{082C0119-49EA-4D92-AC26-DE560ED9C6CC} = {81BD8C5B-08B0-4176-AC29-7D1CF4C7E336}
		{715D4CAE-5802-4E6D-B951-582B56A47328} = {81BD8C5B-08B0-4176-AC29-7D1CF4C7E336}
		{B0E21F43-DD5E-46F1-A77B-2655ED6CE164} = {81BD8C5B-08B0-4176-AC29-7D1CF4C7E336}
		{D1BE4663-5E52-4885-8B59-07A226011055} = {81BD8C5B-08B0-4176-AC29-7D1CF4C7E336}
		{94851E53-7CB0-47E1-98F2-920C0279F1BD} = {2F2D0ECE-A40B-4149-9921-8951184580D9}
		{B589D12F-7EA5-4300-89C9-AE9DB02D44CB} = {2F2D0ECE-A40B-4149-9921-8951184580D9}
		{48653991-5148-48A5-8FE6-9BD8375242AD} = {2F2D0ECE-A40B-4149-9921-8951184580D9}
		{B23FB277-4F2D-4588-9AD7-7E478CEA3CF7} = {2F2D0ECE-A40B-4149-9921-8951184580D9}
		{3F0D6D44-AF99-4C90-AF2F-DC9996055EB0} = {2F2D0ECE-A40B-4149-9921-8951184580D9}
		{F4302AEE-3F94-472A-8FE0-CAC92168FCBC} = {2F2D0ECE-A40B-4149-9921-8951184580D9}
		{6A2E339A-B787-425F-90CC-2298D393C6EF} = {67ECA164-37AE-4004-BB97-5701B183130D}
		{9A653A28-FE46-40E8-A14F-48B0E325165D} = {67874A5A-BB8F-4829-944A-1272A8BFFB46}
		{5B1710D2-5DC8-4754-91B2-19165DE49B3D} = {67874A5A-BB8F-4829-944A-1272A8BFFB46}
	EndGlobalSection
EndGlobal
